
Microsoft Visual Studio Solution File, Format Version 12.00
# Visual Studio Version 17
VisualStudioVersion = 17.9.34723.18
MinimumVisualStudioVersion = 10.0.40219.1
Project("{FAE04EC0-301F-11D3-BF4B-00C04F79EFBC}") = "FLS", "FLS.csproj", "{82576AB4-5E13-4D99-9EA1-687DFE26EE7E}"
EndProject
Global
	GlobalSection(SolutionConfigurationPlatforms) = preSolution
		Debug|Any CPU = Debug|Any CPU
		Release|Any CPU = Release|Any CPU
	EndGlobalSection
	GlobalSection(ProjectConfigurationPlatforms) = postSolution
		{82576AB4-5E13-4D99-9EA1-687DFE26EE7E}.Debug|Any CPU.ActiveCfg = Debug|Any CPU
		{82576AB4-5E13-4D99-9EA1-687DFE26EE7E}.Debug|Any CPU.Build.0 = Debug|Any CPU
		{82576AB4-5E13-4D99-9EA1-687DFE26EE7E}.Release|Any CPU.ActiveCfg = Release|Any CPU
		{82576AB4-5E13-4D99-9EA1-687DFE26EE7E}.Release|Any CPU.Build.0 = Release|Any CPU
	EndGlobalSection
	GlobalSection(SolutionProperties) = preSolution
		HideSolutionNode = FALSE
	EndGlobalSection
	GlobalSection(ExtensibilityGlobals) = postSolution
		SolutionGuid = {08B80D8B-0231-4C1A-97AE-1370382AF4E1}
	EndGlobalSection
EndGlobal
